# This file is autogenerated, do not edit; changes may be undone by the next 'dep ensure'.


[[projects]]
  branch = "master"
  name = "github.com/Azure/go-ansiterm"
  packages = [
    ".",
    "winterm"
  ]
  revision = "d6e3b3328b783f23731bc4d058875b0371ff8109"

[[projects]]
  name = "github.com/DATA-DOG/godog"
  packages = [
    ".",
    "colors",
    "gherkin"
  ]
  revision = "0371765570d36374bef4ab9f62ed0491f0862a3c"
  version = "v0.7.6"

[[projects]]
  name = "github.com/asaskevich/govalidator"
  packages = ["."]
  revision = "7b3beb6df3c42abd3509abfc3bcacc0fbfb7c877"
  version = "v5"

[[projects]]
  name = "github.com/blang/semver"
  packages = ["."]
  revision = "b38d23b8782a487059e8fc8773e9a5b228a77cb6"
  version = "v3.5.0"

[[projects]]
  branch = "master"
  name = "github.com/docker/docker"
  packages = [
    "pkg/term",
    "pkg/term/windows"
  ]
  revision = "1ef1cc8388165b2b848f9b3f53ec91c87de09f63"

[[projects]]
  name = "github.com/docker/go-units"
  packages = ["."]
  revision = "0bbddae09c5a5419a8c6dcdd7ff90da3d450393b"

[[projects]]
  name = "github.com/docker/machine"
  packages = [
    "libmachine/drivers",
    "libmachine/log",
    "libmachine/mcnflag",
    "libmachine/mcnutils",
    "libmachine/ssh",
    "libmachine/state",
    "version"
  ]
  revision = "b48dc28d9139c93d166f07d8b3a049b59bceef9c"
  version = "v0.15.0"

[[projects]]
  name = "github.com/elazarl/goproxy"
  packages = ["."]
  revision = "aacba83f36a55ac31cbb71c06547a328c0cd1604"

[[projects]]
  name = "github.com/gbraad/go-hvkvp"
  packages = ["."]
  revision = "a692e030379b6de28a10b7697decdf8109899f6e"
  version = "0.3"

[[projects]]
  name = "github.com/golang/glog"
  packages = ["."]
  revision = "335da9dda11408a34b64344f82e9c03779b71673"
  source = "https://github.com/openshift/glog.git"

[[projects]]
  name = "github.com/kardianos/osext"
  packages = ["."]
  revision = "ae77be60afb1dcacde03767a8c37337fad28ac14"

[[projects]]
  branch = "master"
  name = "github.com/minishift/minishift"
  packages = [
    "pkg/minikube/constants",
    "pkg/minishift/config",
    "pkg/minishift/constants",
    "pkg/minishift/hostfolder/config",
    "pkg/minishift/network",
    "pkg/minishift/shell/powershell",
    "pkg/util",
    "pkg/util/cmd",
    "pkg/util/filehelper",
    "pkg/util/os",
    "pkg/util/os/atexit",
    "pkg/util/strings",
    "pkg/version",
    "test/integration/proxy",
    "test/integration/testsuite",
    "test/integration/util"
  ]
  revision = "e4d359a30b6a167a9b59842530f28016c44a7623"

[[projects]]
  name = "github.com/pkg/errors"
  packages = ["."]
  revision = "645ef00459ed84a119197bfb8d8205042c6df63d"
  version = "v0.8.0"

[[projects]]
  name = "github.com/sirupsen/logrus"
  packages = ["."]
  revision = "3e01752db0189b9157070a0e1668a620f9a85da2"
  version = "v1.0.6"

[[projects]]
  name = "golang.org/x/crypto"
  packages = [
    "curve25519",
    "ed25519",
    "ed25519/internal/edwards25519",
    "ssh",
    "ssh/terminal"
  ]
  revision = "b080dc9a8c480b08e698fb1219160d598526310f"

[[projects]]
  branch = "master"
  name = "golang.org/x/sys"
  packages = [
    "unix",
    "windows"
  ]
  revision = "ac767d655b305d4e9612f5f6e33120b9176c4ad4"

[[projects]]
  name = "gopkg.in/yaml.v2"
  packages = ["."]
  revision = "a3f3340b5840cee44f372bddb5880fcbc419b46a"

[solve-meta]
  analyzer-name = "dep"
  analyzer-version = 1
  inputs-digest = "d209bdee5f8b1657772ff0d088877bb5de9d42fc0c2c8caf5d9659f3789b1bc4"
  solver-name = "gps-cdcl"
  solver-version = 1
